
Microsoft Visual Studio Solution File, Format Version 12.00
# Visual Studio Version 16
VisualStudioVersion = 16.0.32126.315
MinimumVisualStudioVersion = 10.0.40219.1
Project("{FAE04EC0-301F-11D3-BF4B-00C04F79EFBC}") = "Paup2022_Vjezba", "Paup2022_Vjezba\Paup2022_Vjezba.csproj", "{DD07DAFC-60EE-4C0D-A217-46EB9C2FE4C7}"
EndProject
Global
	GlobalSection(SolutionConfigurationPlatforms) = preSolution
		Debug|Any CPU = Debug|Any CPU
		Release|Any CPU = Release|Any CPU
	EndGlobalSection
	GlobalSection(ProjectConfigurationPlatforms) = postSolution
		{DD07DAFC-60EE-4C0D-A217-46EB9C2FE4C7}.Debug|Any CPU.ActiveCfg = Debug|Any CPU
		{DD07DAFC-60EE-4C0D-A217-46EB9C2FE4C7}.Debug|Any CPU.Build.0 = Debug|Any CPU
		{DD07DAFC-60EE-4C0D-A217-46EB9C2FE4C7}.Release|Any CPU.ActiveCfg = Release|Any CPU
		{DD07DAFC-60EE-4C0D-A217-46EB9C2FE4C7}.Release|Any CPU.Build.0 = Release|Any CPU
	EndGlobalSection
	GlobalSection(SolutionProperties) = preSolution
		HideSolutionNode = FALSE
	EndGlobalSection
	GlobalSection(ExtensibilityGlobals) = postSolution
		SolutionGuid = {3AC4D335-8C9B-4B96-A22B-D230FB1A02CB}
	EndGlobalSection
EndGlobal
